
Microsoft Visual Studio Solution File, Format Version 12.00
# Visual Studio Version 17
VisualStudioVersion = 17.10.34928.147
MinimumVisualStudioVersion = 10.0.40219.1
Project("{FAE04EC0-301F-11D3-BF4B-00C04F79EFBC}") = "LamaBot", "LamaBot.csproj", "{12DDBF2E-4C5B-4393-A9F3-F331D65746FB}"
EndProject
Global
	GlobalSection(SolutionConfigurationPlatforms) = preSolution
		Debug|Any CPU = Debug|Any CPU
		Release|Any CPU = Release|Any CPU
	EndGlobalSection
	GlobalSection(ProjectConfigurationPlatforms) = postSolution
		{12DDBF2E-4C5B-4393-A9F3-F331D65746FB}.Debug|Any CPU.ActiveCfg = Debug|Any CPU
		{12DDBF2E-4C5B-4393-A9F3-F331D65746FB}.Debug|Any CPU.Build.0 = Debug|Any CPU
		{12DDBF2E-4C5B-4393-A9F3-F331D65746FB}.Release|Any CPU.ActiveCfg = Release|Any CPU
		{12DDBF2E-4C5B-4393-A9F3-F331D65746FB}.Release|Any CPU.Build.0 = Release|Any CPU
	EndGlobalSection
	GlobalSection(SolutionProperties) = preSolution
		HideSolutionNode = FALSE
	EndGlobalSection
	GlobalSection(ExtensibilityGlobals) = postSolution
		SolutionGuid = {49404E39-A2C2-42B8-9D0E-0946A499793A}
	EndGlobalSection
EndGlobal
